
Microsoft Visual Studio Solution File, Format Version 12.00
# Visual Studio Version 16
VisualStudioVersion = 16.0.32002.261
MinimumVisualStudioVersion = 10.0.40219.1
Project("{8BC9CEB8-8B4A-11D0-8D11-00A0C91BC942}") = "Project", "Project.vcxproj", "{DB7DDE2A-ED52-4781-914A-E26D16D83DA1}"
EndProject
Global
	GlobalSection(SolutionConfigurationPlatforms) = preSolution
		Debug|x64 = Debug|x64
		Debug|x86 = Debug|x86
		Release|x64 = Release|x64
		Release|x86 = Release|x86
	EndGlobalSection
	GlobalSection(ProjectConfigurationPlatforms) = postSolution
		{DB7DDE2A-ED52-4781-914A-E26D16D83DA1}.Debug|x64.ActiveCfg = Debug|x64
		{DB7DDE2A-ED52-4781-914A-E26D16D83DA1}.Debug|x64.Build.0 = Debug|x64
		{DB7DDE2A-ED52-4781-914A-E26D16D83DA1}.Debug|x86.ActiveCfg = Debug|Win32
		{DB7DDE2A-ED52-4781-914A-E26D16D83DA1}.Debug|x86.Build.0 = Debug|Win32
		{DB7DDE2A-ED52-4781-914A-E26D16D83DA1}.Release|x64.ActiveCfg = Release|x64
		{DB7DDE2A-ED52-4781-914A-E26D16D83DA1}.Release|x64.Build.0 = Release|x64
		{DB7DDE2A-ED52-4781-914A-E26D16D83DA1}.Release|x86.ActiveCfg = Release|Win32
		{DB7DDE2A-ED52-4781-914A-E26D16D83DA1}.Release|x86.Build.0 = Release|Win32
	EndGlobalSection
	GlobalSection(SolutionProperties) = preSolution
		HideSolutionNode = FALSE
	EndGlobalSection
	GlobalSection(ExtensibilityGlobals) = postSolution
		SolutionGuid = {7DCC2E16-54A6-43FF-ADDF-851E06CC28DF}
	EndGlobalSection
EndGlobal
